{
  "version": 4,
  "terraform_version": "1.3.9",
  "serial": 19,
  "lineage": "6ac10dd1-9834-bfcc-ad51-2043dd7369d1",
  "outputs": {},
  "resources": [
    {
      "mode": "managed",
      "type": "google_kms_crypto_key",
      "name": "layhold-r0m4n-dev-terraform-backend-kms-key",
      "provider": "provider[\"registry.terraform.io/hashicorp/google\"]",
      "instances": [
        {
          "schema_version": 1,
          "attributes": {
            "destroy_scheduled_duration": "2592000s",
            "id": "projects/r0m4n-dev/locations/us/keyRings/layhold-r0m4n-dev-terraform-backend-kms-key-ring/cryptoKeys/layhold-r0m4n-dev-terraform-backend-kms-key",
            "import_only": false,
            "key_ring": "projects/r0m4n-dev/locations/us/keyRings/layhold-r0m4n-dev-terraform-backend-kms-key-ring",
            "labels": null,
            "name": "layhold-r0m4n-dev-terraform-backend-kms-key",
            "purpose": "ENCRYPT_DECRYPT",
            "rotation_period": "31536000s",
            "skip_initial_version_creation": false,
            "timeouts": null,
            "version_template": [
              {
                "algorithm": "GOOGLE_SYMMETRIC_ENCRYPTION",
                "protection_level": "SOFTWARE"
              }
            ]
          },
          "sensitive_attributes": [],
          "private": "eyJlMmJmYjczMC1lY2FhLTExZTYtOGY4OC0zNDM2M2JjN2M0YzAiOnsiY3JlYXRlIjoxMjAwMDAwMDAwMDAwLCJkZWxldGUiOjEyMDAwMDAwMDAwMDAsInVwZGF0ZSI6MTIwMDAwMDAwMDAwMH0sInNjaGVtYV92ZXJzaW9uIjoiMSJ9",
          "dependencies": [
            "google_kms_key_ring.layhold-r0m4n-dev-terraform-backend-kms-key-ring"
          ]
        }
      ]
    },
    {
      "mode": "managed",
      "type": "google_kms_crypto_key_iam_binding",
      "name": "layhold-r0m4n-dev-terraform-backend-kms-key-iam-bind",
      "provider": "provider[\"registry.terraform.io/hashicorp/google\"]",
      "instances": [
        {
          "schema_version": 0,
          "attributes": {
            "condition": [],
            "crypto_key_id": "projects/r0m4n-dev/locations/us/keyRings/layhold-r0m4n-dev-terraform-backend-kms-key-ring/cryptoKeys/layhold-r0m4n-dev-terraform-backend-kms-key",
            "etag": "BwYh4covxrk=",
            "id": "projects/r0m4n-dev/locations/us/keyRings/layhold-r0m4n-dev-terraform-backend-kms-key-ring/cryptoKeys/layhold-r0m4n-dev-terraform-backend-kms-key/roles/cloudkms.cryptoKeyEncrypterDecrypter",
            "members": [
              "serviceAccount:service-218289013170@gs-project-accounts.iam.gserviceaccount.com"
            ],
            "role": "roles/cloudkms.cryptoKeyEncrypterDecrypter"
          },
          "sensitive_attributes": [],
          "private": "bnVsbA==",
          "dependencies": [
            "google_kms_crypto_key.layhold-r0m4n-dev-terraform-backend-kms-key",
            "google_kms_key_ring.layhold-r0m4n-dev-terraform-backend-kms-key-ring"
          ]
        }
      ]
    },
    {
      "mode": "managed",
      "type": "google_kms_key_ring",
      "name": "layhold-r0m4n-dev-terraform-backend-kms-key-ring",
      "provider": "provider[\"registry.terraform.io/hashicorp/google\"]",
      "instances": [
        {
          "schema_version": 0,
          "attributes": {
            "id": "projects/r0m4n-dev/locations/us/keyRings/layhold-r0m4n-dev-terraform-backend-kms-key-ring",
            "location": "us",
            "name": "layhold-r0m4n-dev-terraform-backend-kms-key-ring",
            "project": "r0m4n-dev",
            "timeouts": null
          },
          "sensitive_attributes": [],
          "private": "eyJlMmJmYjczMC1lY2FhLTExZTYtOGY4OC0zNDM2M2JjN2M0YzAiOnsiY3JlYXRlIjoxMjAwMDAwMDAwMDAwLCJkZWxldGUiOjEyMDAwMDAwMDAwMDB9fQ=="
        }
      ]
    },
    {
      "mode": "managed",
      "type": "google_project_service",
      "name": "iam-api",
      "provider": "provider[\"registry.terraform.io/hashicorp/google\"]",
      "instances": [
        {
          "schema_version": 0,
          "attributes": {
            "disable_dependent_services": null,
            "disable_on_destroy": true,
            "id": "r0m4n-dev/iam.googleapis.com",
            "project": "r0m4n-dev",
            "service": "iam.googleapis.com",
            "timeouts": null
          },
          "sensitive_attributes": [],
          "private": "eyJlMmJmYjczMC1lY2FhLTExZTYtOGY4OC0zNDM2M2JjN2M0YzAiOnsiY3JlYXRlIjoxMjAwMDAwMDAwMDAwLCJkZWxldGUiOjEyMDAwMDAwMDAwMDAsInJlYWQiOjYwMDAwMDAwMDAwMCwidXBkYXRlIjoxMjAwMDAwMDAwMDAwfX0="
        }
      ]
    },
    {
      "mode": "managed",
      "type": "google_project_service",
      "name": "kms-api",
      "provider": "provider[\"registry.terraform.io/hashicorp/google\"]",
      "instances": [
        {
          "schema_version": 0,
          "attributes": {
            "disable_dependent_services": null,
            "disable_on_destroy": true,
            "id": "r0m4n-dev/cloudkms.googleapis.com",
            "project": "r0m4n-dev",
            "service": "cloudkms.googleapis.com",
            "timeouts": null
          },
          "sensitive_attributes": [],
          "private": "eyJlMmJmYjczMC1lY2FhLTExZTYtOGY4OC0zNDM2M2JjN2M0YzAiOnsiY3JlYXRlIjoxMjAwMDAwMDAwMDAwLCJkZWxldGUiOjEyMDAwMDAwMDAwMDAsInJlYWQiOjYwMDAwMDAwMDAwMCwidXBkYXRlIjoxMjAwMDAwMDAwMDAwfX0="
        }
      ]
    },
    {
      "mode": "managed",
      "type": "google_project_service",
      "name": "storage-api",
      "provider": "provider[\"registry.terraform.io/hashicorp/google\"]",
      "instances": [
        {
          "schema_version": 0,
          "attributes": {
            "disable_dependent_services": null,
            "disable_on_destroy": true,
            "id": "r0m4n-dev/storage.googleapis.com",
            "project": "r0m4n-dev",
            "service": "storage.googleapis.com",
            "timeouts": null
          },
          "sensitive_attributes": [],
          "private": "eyJlMmJmYjczMC1lY2FhLTExZTYtOGY4OC0zNDM2M2JjN2M0YzAiOnsiY3JlYXRlIjoxMjAwMDAwMDAwMDAwLCJkZWxldGUiOjEyMDAwMDAwMDAwMDAsInJlYWQiOjYwMDAwMDAwMDAwMCwidXBkYXRlIjoxMjAwMDAwMDAwMDAwfX0="
        }
      ]
    },
    {
      "mode": "managed",
      "type": "google_storage_bucket",
      "name": "terraform-state-bucket",
      "provider": "provider[\"registry.terraform.io/hashicorp/google\"]",
      "instances": [
        {
          "schema_version": 0,
          "attributes": {
            "autoclass": [],
            "cors": [],
            "custom_placement_config": [],
            "default_event_based_hold": false,
            "encryption": [
              {
                "default_kms_key_name": "projects/r0m4n-dev/locations/us/keyRings/layhold-r0m4n-dev-terraform-backend-kms-key-ring/cryptoKeys/layhold-r0m4n-dev-terraform-backend-kms-key"
              }
            ],
            "force_destroy": false,
            "id": "layhold-r0m4n-dev-terraform-backend",
            "labels": null,
            "lifecycle_rule": [],
            "location": "US",
            "logging": [],
            "name": "layhold-r0m4n-dev-terraform-backend",
            "project": "r0m4n-dev",
            "public_access_prevention": "enforced",
            "requester_pays": false,
            "retention_policy": [],
            "self_link": "https://www.googleapis.com/storage/v1/b/layhold-r0m4n-dev-terraform-backend",
            "storage_class": "STANDARD",
            "timeouts": null,
            "uniform_bucket_level_access": true,
            "url": "gs://layhold-r0m4n-dev-terraform-backend",
            "versioning": [
              {
                "enabled": true
              }
            ],
            "website": []
          },
          "sensitive_attributes": [],
          "private": "eyJlMmJmYjczMC1lY2FhLTExZTYtOGY4OC0zNDM2M2JjN2M0YzAiOnsiY3JlYXRlIjo2MDAwMDAwMDAwMDAsInJlYWQiOjI0MDAwMDAwMDAwMCwidXBkYXRlIjoyNDAwMDAwMDAwMDB9fQ==",
          "dependencies": [
            "google_kms_crypto_key.layhold-r0m4n-dev-terraform-backend-kms-key",
            "google_kms_key_ring.layhold-r0m4n-dev-terraform-backend-kms-key-ring",
            "google_project_service.iam-api",
            "google_project_service.kms-api",
            "google_project_service.storage-api"
          ]
        }
      ]
    }
  ],
  "check_results": null
}
